
Microsoft Visual Studio Solution File, Format Version 12.00
# Visual Studio Version 16
VisualStudioVersion = 16.0.30804.86
MinimumVisualStudioVersion = 10.0.40219.1
Project("{FAE04EC0-301F-11D3-BF4B-00C04F79EFBC}") = "Aplicatie1", "Aplicatie1\Aplicatie1.csproj", "{4A9C3BFF-927C-406D-B0F9-EABE79E6383A}"
EndProject
Global
	GlobalSection(SolutionConfigurationPlatforms) = preSolution
		Debug|Any CPU = Debug|Any CPU
		Release|Any CPU = Release|Any CPU
	EndGlobalSection
	GlobalSection(ProjectConfigurationPlatforms) = postSolution
		{4A9C3BFF-927C-406D-B0F9-EABE79E6383A}.Debug|Any CPU.ActiveCfg = Debug|Any CPU
		{4A9C3BFF-927C-406D-B0F9-EABE79E6383A}.Debug|Any CPU.Build.0 = Debug|Any CPU
		{4A9C3BFF-927C-406D-B0F9-EABE79E6383A}.Release|Any CPU.ActiveCfg = Release|Any CPU
		{4A9C3BFF-927C-406D-B0F9-EABE79E6383A}.Release|Any CPU.Build.0 = Release|Any CPU
	EndGlobalSection
	GlobalSection(SolutionProperties) = preSolution
		HideSolutionNode = FALSE
	EndGlobalSection
	GlobalSection(ExtensibilityGlobals) = postSolution
		SolutionGuid = {F30EEB9B-26BA-40F3-A607-5534A23E0453}
	EndGlobalSection
EndGlobal
